
Microsoft Visual Studio Solution File, Format Version 12.00
# Visual Studio Version 17
VisualStudioVersion = 17.11.35327.3
MinimumVisualStudioVersion = 10.0.40219.1
Project("{FAE04EC0-301F-11D3-BF4B-00C04F79EFBC}") = "GUI", "GUI\GUI.csproj", "{3F091AA5-E7D0-4306-A25D-A486895258B6}"
EndProject
Project("{FAE04EC0-301F-11D3-BF4B-00C04F79EFBC}") = "DataLayer", "DataLayer\DataLayer.csproj", "{B95BBD63-8A4E-4800-AE09-CF8C2B1526E8}"
EndProject
Project("{FAE04EC0-301F-11D3-BF4B-00C04F79EFBC}") = "BusinessLayer", "BusinessLayer\BusinessLayer.csproj", "{6A489E00-3FF8-44D4-87BE-47B4743DEDEF}"
EndProject
Project("{FAE04EC0-301F-11D3-BF4B-00C04F79EFBC}") = "Modeller", "Modeller\Modeller.csproj", "{DF3DDB8D-D815-444A-9063-140856D6B3C6}"
EndProject
Global
	GlobalSection(SolutionConfigurationPlatforms) = preSolution
		Debug|Any CPU = Debug|Any CPU
		Release|Any CPU = Release|Any CPU
	EndGlobalSection
	GlobalSection(ProjectConfigurationPlatforms) = postSolution
		{3F091AA5-E7D0-4306-A25D-A486895258B6}.Debug|Any CPU.ActiveCfg = Debug|Any CPU
		{3F091AA5-E7D0-4306-A25D-A486895258B6}.Debug|Any CPU.Build.0 = Debug|Any CPU
		{3F091AA5-E7D0-4306-A25D-A486895258B6}.Release|Any CPU.ActiveCfg = Release|Any CPU
		{3F091AA5-E7D0-4306-A25D-A486895258B6}.Release|Any CPU.Build.0 = Release|Any CPU
		{B95BBD63-8A4E-4800-AE09-CF8C2B1526E8}.Debug|Any CPU.ActiveCfg = Debug|Any CPU
		{B95BBD63-8A4E-4800-AE09-CF8C2B1526E8}.Debug|Any CPU.Build.0 = Debug|Any CPU
		{B95BBD63-8A4E-4800-AE09-CF8C2B1526E8}.Release|Any CPU.ActiveCfg = Release|Any CPU
		{B95BBD63-8A4E-4800-AE09-CF8C2B1526E8}.Release|Any CPU.Build.0 = Release|Any CPU
		{6A489E00-3FF8-44D4-87BE-47B4743DEDEF}.Debug|Any CPU.ActiveCfg = Debug|Any CPU
		{6A489E00-3FF8-44D4-87BE-47B4743DEDEF}.Debug|Any CPU.Build.0 = Debug|Any CPU
		{6A489E00-3FF8-44D4-87BE-47B4743DEDEF}.Release|Any CPU.ActiveCfg = Release|Any CPU
		{6A489E00-3FF8-44D4-87BE-47B4743DEDEF}.Release|Any CPU.Build.0 = Release|Any CPU
		{DF3DDB8D-D815-444A-9063-140856D6B3C6}.Debug|Any CPU.ActiveCfg = Debug|Any CPU
		{DF3DDB8D-D815-444A-9063-140856D6B3C6}.Debug|Any CPU.Build.0 = Debug|Any CPU
		{DF3DDB8D-D815-444A-9063-140856D6B3C6}.Release|Any CPU.ActiveCfg = Release|Any CPU
		{DF3DDB8D-D815-444A-9063-140856D6B3C6}.Release|Any CPU.Build.0 = Release|Any CPU
	EndGlobalSection
	GlobalSection(SolutionProperties) = preSolution
		HideSolutionNode = FALSE
	EndGlobalSection
	GlobalSection(ExtensibilityGlobals) = postSolution
		SolutionGuid = {D5E9E438-26EB-4386-A61C-C25EF38B4615}
	EndGlobalSection
EndGlobal
