
Microsoft Visual Studio Solution File, Format Version 12.00
# Visual Studio Version 17
VisualStudioVersion = 17.11.35327.3
MinimumVisualStudioVersion = 10.0.40219.1
Project("{9A19103F-16F7-4668-BE54-9A1E7A4F7556}") = "PodcastProjektHT24", "PodcastProjektHT24\PodcastProjektHT24.csproj", "{AACD0DC0-5846-40BD-8E91-F6C2B3AA9E39}"
<<<<<<< HEAD
EndProject
Project("{FAE04EC0-301F-11D3-BF4B-00C04F79EFBC}") = "test", "test\test.csproj", "{692AB59E-FC1A-41AF-89E3-EDA887DD8A4B}"
=======
	ProjectSection(ProjectDependencies) = postProject
		{AC450140-20B6-4AFE-AD5F-8D83A3A64752} = {AC450140-20B6-4AFE-AD5F-8D83A3A64752}
		{FC24988C-BE6C-4E7C-A659-D0F32B049A5C} = {FC24988C-BE6C-4E7C-A659-D0F32B049A5C}
	EndProjectSection
EndProject
Project("{FAE04EC0-301F-11D3-BF4B-00C04F79EFBC}") = "BLL", "BLL\BLL.csproj", "{AC450140-20B6-4AFE-AD5F-8D83A3A64752}"
EndProject
Project("{FAE04EC0-301F-11D3-BF4B-00C04F79EFBC}") = "DAL", "DAL\DAL.csproj", "{FC24988C-BE6C-4E7C-A659-D0F32B049A5C}"
>>>>>>> 710d03c5963ea618c0f79b8f83bb27efb34dd281
EndProject
Global
	GlobalSection(SolutionConfigurationPlatforms) = preSolution
		Debug|Any CPU = Debug|Any CPU
		Release|Any CPU = Release|Any CPU
	EndGlobalSection
	GlobalSection(ProjectConfigurationPlatforms) = postSolution
		{AACD0DC0-5846-40BD-8E91-F6C2B3AA9E39}.Debug|Any CPU.ActiveCfg = Debug|Any CPU
		{AACD0DC0-5846-40BD-8E91-F6C2B3AA9E39}.Debug|Any CPU.Build.0 = Debug|Any CPU
		{AACD0DC0-5846-40BD-8E91-F6C2B3AA9E39}.Release|Any CPU.ActiveCfg = Release|Any CPU
		{AACD0DC0-5846-40BD-8E91-F6C2B3AA9E39}.Release|Any CPU.Build.0 = Release|Any CPU
<<<<<<< HEAD
		{692AB59E-FC1A-41AF-89E3-EDA887DD8A4B}.Debug|Any CPU.ActiveCfg = Debug|Any CPU
		{692AB59E-FC1A-41AF-89E3-EDA887DD8A4B}.Debug|Any CPU.Build.0 = Debug|Any CPU
		{692AB59E-FC1A-41AF-89E3-EDA887DD8A4B}.Release|Any CPU.ActiveCfg = Release|Any CPU
		{692AB59E-FC1A-41AF-89E3-EDA887DD8A4B}.Release|Any CPU.Build.0 = Release|Any CPU
=======
		{AC450140-20B6-4AFE-AD5F-8D83A3A64752}.Debug|Any CPU.ActiveCfg = Debug|Any CPU
		{AC450140-20B6-4AFE-AD5F-8D83A3A64752}.Debug|Any CPU.Build.0 = Debug|Any CPU
		{AC450140-20B6-4AFE-AD5F-8D83A3A64752}.Release|Any CPU.ActiveCfg = Release|Any CPU
		{AC450140-20B6-4AFE-AD5F-8D83A3A64752}.Release|Any CPU.Build.0 = Release|Any CPU
		{FC24988C-BE6C-4E7C-A659-D0F32B049A5C}.Debug|Any CPU.ActiveCfg = Debug|Any CPU
		{FC24988C-BE6C-4E7C-A659-D0F32B049A5C}.Debug|Any CPU.Build.0 = Debug|Any CPU
		{FC24988C-BE6C-4E7C-A659-D0F32B049A5C}.Release|Any CPU.ActiveCfg = Release|Any CPU
		{FC24988C-BE6C-4E7C-A659-D0F32B049A5C}.Release|Any CPU.Build.0 = Release|Any CPU
>>>>>>> 710d03c5963ea618c0f79b8f83bb27efb34dd281
	EndGlobalSection
	GlobalSection(SolutionProperties) = preSolution
		HideSolutionNode = FALSE
	EndGlobalSection
	GlobalSection(ExtensibilityGlobals) = postSolution
		SolutionGuid = {D5E9E438-26EB-4386-A61C-C25EF38B4615}
	EndGlobalSection
EndGlobal
